
Microsoft Visual Studio Solution File, Format Version 12.00
# Visual Studio Version 17
VisualStudioVersion = 17.5.33530.505
MinimumVisualStudioVersion = 10.0.40219.1
Project("{FAE04EC0-301F-11D3-BF4B-00C04F79EFBC}") = "SI_Cafeteria_Oruro", "SI_Cafeteria_Oruro\SI_Cafeteria_Oruro.csproj", "{F23B7392-EB20-4248-9912-2043FBA20DAF}"
EndProject
Global
	GlobalSection(SolutionConfigurationPlatforms) = preSolution
		Debug|Any CPU = Debug|Any CPU
		Release|Any CPU = Release|Any CPU
	EndGlobalSection
	GlobalSection(ProjectConfigurationPlatforms) = postSolution
		{F23B7392-EB20-4248-9912-2043FBA20DAF}.Debug|Any CPU.ActiveCfg = Debug|Any CPU
		{F23B7392-EB20-4248-9912-2043FBA20DAF}.Debug|Any CPU.Build.0 = Debug|Any CPU
		{F23B7392-EB20-4248-9912-2043FBA20DAF}.Release|Any CPU.ActiveCfg = Release|Any CPU
		{F23B7392-EB20-4248-9912-2043FBA20DAF}.Release|Any CPU.Build.0 = Release|Any CPU
	EndGlobalSection
	GlobalSection(SolutionProperties) = preSolution
		HideSolutionNode = FALSE
	EndGlobalSection
	GlobalSection(ExtensibilityGlobals) = postSolution
		SolutionGuid = {AC767BF4-96C9-4E97-8FBA-F959C77BAEDF}
	EndGlobalSection
EndGlobal
